{
  "object": {
    "pins": [
      {
        "package": "EonilFSEvents",
        "repositoryURL": "https://github.com/eonil/FSEvents",
        "state": {
          "branch": null,
          "revision": "94c1f47584f37930333e4f8c0f74a61fcd247311",
          "version": "0.1.6"
        }
      },
      {
        "package": "SwiftyJSON",
        "repositoryURL": "https://github.com/SwiftyJSON/SwiftyJSON",
        "state": {
          "branch": null,
          "revision": "2b6054efa051565954e1d2b9da831680026cd768",
          "version": "5.0.0"
        }
      }
    ]
  },
  "version": 1
}
